# generated from pixi.lock by envs/lock.py - do not edit by hand
name: scanpy
channels:
- https://conda.anaconda.org/conda-forge
- nodefaults
dependencies:
- https://conda.anaconda.org/conda-forge::_openmp_mutex=4.5=20_gnu
- https://conda.anaconda.org/conda-forge::_python_abi3_support=1.0=hd8ed1ab_2
- https://conda.anaconda.org/conda-forge::anndata=0.12.11=pyhd8ed1ab_0
- https://conda.anaconda.org/conda-forge::arpack=3.9.1=nompi_hf03ea27_102
- https://conda.anaconda.org/conda-forge::array-api-compat=1.14.0=pyhc364b38_0
- https://conda.anaconda.org/conda-forge::aws-c-auth=0.10.1=h2d2dd48_2
- https://conda.anaconda.org/conda-forge::aws-c-cal=0.9.13=h2c9d079_1
- https://conda.anaconda.org/conda-forge::aws-c-common=0.12.6=hb03c661_0
- https://conda.anaconda.org/conda-forge::aws-c-compression=0.3.2=h8b1a151_0
- https://conda.anaconda.org/conda-forge::aws-c-http=0.10.12=h4bacb7b_1
- https://conda.anaconda.org/conda-forge::aws-c-io=0.26.3=hc87160b_0
- https://conda.anaconda.org/conda-forge::aws-c-s3=0.11.5=h6d69fc9_5
- https://conda.anaconda.org/conda-forge::aws-c-sdkutils=0.2.4=h8b1a151_4
- https://conda.anaconda.org/conda-forge::aws-checksums=0.2.10=h8b1a151_0
- https://conda.anaconda.org/conda-forge::brotli=1.2.0=hed03a55_1
- https://conda.anaconda.org/conda-forge::brotli-bin=1.2.0=hb03c661_1
- https://conda.anaconda.org/conda-forge::bzip2=1.0.8=hda65f42_9
- https://conda.anaconda.org/conda-forge::c-ares=1.34.6=hb03c661_0
- https://conda.anaconda.org/conda-forge::ca-certificates=2026.4.22=hbd8a1cb_0
- https://conda.anaconda.org/conda-forge::cached-property=1.5.2=hd8ed1ab_1
- https://conda.anaconda.org/conda-forge::cached_property=1.5.2=pyha770c72_1
- https://conda.anaconda.org/conda-forge::certifi=2026.4.22=pyhd8ed1ab_0
- https://conda.anaconda.org/conda-forge::contourpy=1.3.3=py314h97ea11e_4
- https://conda.anaconda.org/conda-forge::cpython=3.14.4=py314hd8ed1ab_100
- https://conda.anaconda.org/conda-forge::cycler=0.12.1=pyhcf101f3_2
- https://conda.anaconda.org/conda-forge::denet=0.10.3=hf19af3b_0
- https://conda.anaconda.org/conda-forge::deprecated=1.3.1=pyhd8ed1ab_1
- https://conda.anaconda.org/conda-forge::donfig=0.8.1.post1=pyhd8ed1ab_1
- https://conda.anaconda.org/conda-forge::fast-array-utils=1.4.1=pyhd8ed1ab_0
- https://conda.anaconda.org/conda-forge::fonttools=4.62.1=pyh7db6752_0
- https://conda.anaconda.org/conda-forge::freetype=2.14.3=ha770c72_0
- https://conda.anaconda.org/conda-forge::glpk=5.0=h445213a_0
- https://conda.anaconda.org/conda-forge::gmp=6.3.0=hac33072_2
- https://conda.anaconda.org/conda-forge::google-crc32c=1.8.0=py314hd6bf2bd_1
- https://conda.anaconda.org/conda-forge::h5py=3.16.0=nompi_py314hddf7a69_102
- https://conda.anaconda.org/conda-forge::hdf5=2.1.0=nompi_hd4fcb43_104
- https://conda.anaconda.org/conda-forge::icu=78.3=h33c6efd_0
- https://conda.anaconda.org/conda-forge::igraph=0.10.16=hfe3e89f_1
- https://conda.anaconda.org/conda-forge::joblib=1.5.3=pyhd8ed1ab_0
- https://conda.anaconda.org/conda-forge::keyutils=1.6.3=hb9d3cd8_0
- https://conda.anaconda.org/conda-forge::kiwisolver=1.5.0=py314h97ea11e_0
- https://conda.anaconda.org/conda-forge::krb5=1.22.2=ha1258a1_0
- https://conda.anaconda.org/conda-forge::lcms2=2.19=h0c24ade_0
- https://conda.anaconda.org/conda-forge::ld_impl_linux-64=2.45.1=default_hbd61a6d_102
- https://conda.anaconda.org/conda-forge::legacy-api-wrap=1.5=pyhd8ed1ab_0
- https://conda.anaconda.org/conda-forge::leidenalg=0.10.2=py314ha160325_1
- https://conda.anaconda.org/conda-forge::lerc=4.1.0=hdb68285_0
- https://conda.anaconda.org/conda-forge::libaec=1.1.5=h088129d_0
- https://conda.anaconda.org/conda-forge::libblas=3.11.0=6_h4a7cf45_openblas
- https://conda.anaconda.org/conda-forge::libbrotlicommon=1.2.0=hb03c661_1
- https://conda.anaconda.org/conda-forge::libbrotlidec=1.2.0=hb03c661_1
- https://conda.anaconda.org/conda-forge::libbrotlienc=1.2.0=hb03c661_1
- https://conda.anaconda.org/conda-forge::libcblas=3.11.0=6_h0358290_openblas
- https://conda.anaconda.org/conda-forge::libcrc32c=1.1.2=h9c3ff4c_0
- https://conda.anaconda.org/conda-forge::libcurl=8.19.0=hcf29cc6_0
- https://conda.anaconda.org/conda-forge::libdeflate=1.25=h17f619e_0
- https://conda.anaconda.org/conda-forge::libedit=3.1.20250104=pl5321h7949ede_0
- https://conda.anaconda.org/conda-forge::libev=4.33=hd590300_2
- https://conda.anaconda.org/conda-forge::libexpat=2.7.5=hecca717_0
- https://conda.anaconda.org/conda-forge::libffi=3.5.2=h3435931_0
- https://conda.anaconda.org/conda-forge::libfreetype=2.14.3=ha770c72_0
- https://conda.anaconda.org/conda-forge::libfreetype6=2.14.3=h73754d4_0
- https://conda.anaconda.org/conda-forge::libgcc=15.2.0=he0feb66_18
- https://conda.anaconda.org/conda-forge::libgcc-ng=15.2.0=h69a702a_18
- https://conda.anaconda.org/conda-forge::libgfortran=15.2.0=h69a702a_18
- https://conda.anaconda.org/conda-forge::libgfortran5=15.2.0=h68bc16d_18
- https://conda.anaconda.org/conda-forge::libgomp=15.2.0=he0feb66_18
- https://conda.anaconda.org/conda-forge::libhwloc=2.12.2=default_hafda6a7_1000
- https://conda.anaconda.org/conda-forge::libiconv=1.18=h3b78370_2
- https://conda.anaconda.org/conda-forge::libjpeg-turbo=3.1.4.1=hb03c661_0
- https://conda.anaconda.org/conda-forge::liblapack=3.11.0=6_h47877c9_openblas
- https://conda.anaconda.org/conda-forge::libleidenalg=0.11.1=h00ab1b0_0
- https://conda.anaconda.org/conda-forge::liblzma=5.8.3=hb03c661_0
- https://conda.anaconda.org/conda-forge::libmpdec=4.0.0=hb03c661_1
- https://conda.anaconda.org/conda-forge::libnghttp2=1.68.1=h877daf1_0
- https://conda.anaconda.org/conda-forge::libopenblas=0.3.32=pthreads_h94d23a6_0
- https://conda.anaconda.org/conda-forge::libpng=1.6.58=h421ea60_0
- https://conda.anaconda.org/conda-forge::libsqlite=3.53.0=hf4e2dac_0
- https://conda.anaconda.org/conda-forge::libssh2=1.11.1=hcf80075_0
- https://conda.anaconda.org/conda-forge::libstdcxx=15.2.0=h934c35e_18
- https://conda.anaconda.org/conda-forge::libstdcxx-ng=15.2.0=hdf11a46_18
- https://conda.anaconda.org/conda-forge::libtiff=4.7.1=h9d88235_1
- https://conda.anaconda.org/conda-forge::libuuid=2.42=h5347b49_0
- https://conda.anaconda.org/conda-forge::libwebp-base=1.6.0=hd42ef1d_0
- https://conda.anaconda.org/conda-forge::libxcb=1.17.0=h8a09558_0
- https://conda.anaconda.org/conda-forge::libxml2=2.15.3=h49c6c72_0
- https://conda.anaconda.org/conda-forge::libxml2-16=2.15.3=hca6bf5a_0
- https://conda.anaconda.org/conda-forge::libxml2-devel=2.15.3=h49c6c72_0
- https://conda.anaconda.org/conda-forge::libzlib=1.3.2=h25fd6f3_2
- https://conda.anaconda.org/conda-forge::llvmlite=0.47.0=py314h946fb2a_1
- https://conda.anaconda.org/conda-forge::matplotlib-base=3.10.9=py314h1194b4b_0
- https://conda.anaconda.org/conda-forge::msgpack-python=1.1.2=py314h9891dd4_1
- https://conda.anaconda.org/conda-forge::munkres=1.1.4=pyhd8ed1ab_1
- https://conda.anaconda.org/conda-forge::natsort=8.4.0=pyhcf101f3_2
- https://conda.anaconda.org/conda-forge::ncurses=6.5=h2d0b736_3
- https://conda.anaconda.org/conda-forge::networkx=3.6.1=pyhcf101f3_0
- https://conda.anaconda.org/conda-forge::numba=0.65.1=py314h8169c2f_0
- https://conda.anaconda.org/conda-forge::numcodecs=0.16.5=py314ha0b5721_0
- https://conda.anaconda.org/conda-forge::numpy=2.4.3=py314h2b28147_0
- https://conda.anaconda.org/conda-forge::openjpeg=2.5.4=h55fea9a_0
- https://conda.anaconda.org/conda-forge::openssl=3.6.2=h35e630c_0
- https://conda.anaconda.org/conda-forge::packaging=26.2=pyhc364b38_0
- https://conda.anaconda.org/conda-forge::pandas=2.3.3=py314ha0b5721_2
- https://conda.anaconda.org/conda-forge::patsy=1.0.2=pyhcf101f3_0
- https://conda.anaconda.org/conda-forge::pillow=12.2.0=py314h8ec4b1a_0
- https://conda.anaconda.org/conda-forge::pip=26.1.2=pyh145f28c_0
- https://conda.anaconda.org/conda-forge::polars=1.40.0=pyh58ad624_0
- https://conda.anaconda.org/conda-forge::polars-runtime-32=1.40.0=py310hffdcd12_0
- https://conda.anaconda.org/conda-forge::pthread-stubs=0.4=hb9d3cd8_1002
- https://conda.anaconda.org/conda-forge::pynndescent=0.5.13=pyhd8ed1ab_1
- https://conda.anaconda.org/conda-forge::pyparsing=3.3.2=pyhcf101f3_0
- https://conda.anaconda.org/conda-forge::python=3.14.4=habeac84_100_cp314
- https://conda.anaconda.org/conda-forge::python-dateutil=2.9.0.post0=pyhe01879c_2
- https://conda.anaconda.org/conda-forge::python-gil=3.14.4=h4df99d1_100
- https://conda.anaconda.org/conda-forge::python-igraph=0.11.9=py314ha160325_3
- https://conda.anaconda.org/conda-forge::python-tzdata=2026.2=pyhd8ed1ab_0
- https://conda.anaconda.org/conda-forge::python_abi=3.14=8_cp314
- https://conda.anaconda.org/conda-forge::pytz=2026.1.post1=pyhcf101f3_0
- https://conda.anaconda.org/conda-forge::pyyaml=6.0.3=py314h67df5f8_1
- https://conda.anaconda.org/conda-forge::qhull=2020.2=h434a139_5
- https://conda.anaconda.org/conda-forge::readline=8.3=h853b02a_0
- https://conda.anaconda.org/conda-forge::s2n=1.7.1=h1cbb8d7_1
- https://conda.anaconda.org/conda-forge::scanpy=1.12.1=pyhd8ed1ab_0
- https://conda.anaconda.org/conda-forge::scikit-learn=1.8.0=np2py314hf09ca88_1
- https://conda.anaconda.org/conda-forge::scipy=1.17.1=py314hf07bd8e_0
- https://conda.anaconda.org/conda-forge::scverse-misc=0.0.4=pyhc364b38_0
- https://conda.anaconda.org/conda-forge::seaborn=0.13.2=hd8ed1ab_3
- https://conda.anaconda.org/conda-forge::seaborn-base=0.13.2=pyhd8ed1ab_3
- https://conda.anaconda.org/conda-forge::session-info2=0.4.1=pyhd8ed1ab_0
- https://conda.anaconda.org/conda-forge::setuptools=82.0.1=pyh332efcf_0
- https://conda.anaconda.org/conda-forge::six=1.17.0=pyhe01879c_1
- https://conda.anaconda.org/conda-forge::statsmodels=0.14.6=py314hc02f841_0
- https://conda.anaconda.org/conda-forge::tbb=2022.3.0=hb700be7_2
- https://conda.anaconda.org/conda-forge::texttable=1.7.0=pyhd8ed1ab_1
- https://conda.anaconda.org/conda-forge::threadpoolctl=3.6.0=pyhecae5ae_0
- https://conda.anaconda.org/conda-forge::tk=8.6.13=noxft_h366c992_103
- https://conda.anaconda.org/conda-forge::tqdm=4.67.3=pyh8f84b5b_0
- https://conda.anaconda.org/conda-forge::typing-extensions=4.15.0=h396c80c_0
- https://conda.anaconda.org/conda-forge::typing_extensions=4.15.0=pyhcf101f3_0
- https://conda.anaconda.org/conda-forge::tzdata=2025c=hc9c84f9_1
- https://conda.anaconda.org/conda-forge::umap-learn=0.5.12=py314hdafbbf9_0
- https://conda.anaconda.org/conda-forge::unicodedata2=17.0.1=py314h5bd0f2a_0
- https://conda.anaconda.org/conda-forge::wrapt=2.1.2=py314h5bd0f2a_0
- https://conda.anaconda.org/conda-forge::xorg-libxau=1.0.12=hb03c661_1
- https://conda.anaconda.org/conda-forge::xorg-libxdmcp=1.1.5=hb03c661_1
- https://conda.anaconda.org/conda-forge::yaml=0.2.5=h280c20c_3
- https://conda.anaconda.org/conda-forge::zarr=3.1.6=pyhc364b38_0
- https://conda.anaconda.org/conda-forge::zlib-ng=2.3.3=hceb46e0_1
- https://conda.anaconda.org/conda-forge::zstd=1.5.7=hb78ec9c_6
- pip:
  - obkit==0.0.3
